
Microsoft Visual Studio Solution File, Format Version 12.00
# Visual Studio Version 17
VisualStudioVersion = 17.8.34316.72
MinimumVisualStudioVersion = 10.0.40219.1
Project("{9A19103F-16F7-4668-BE54-9A1E7A4F7556}") = "Exercice", "ExerciceSebastien\Exercice.csproj", "{83510188-AE46-4A2D-8450-C001B9471BC0}"
EndProject
Global
	GlobalSection(SolutionConfigurationPlatforms) = preSolution
		Debug|Any CPU = Debug|Any CPU
		Release|Any CPU = Release|Any CPU
	EndGlobalSection
	GlobalSection(ProjectConfigurationPlatforms) = postSolution
		{83510188-AE46-4A2D-8450-C001B9471BC0}.Debug|Any CPU.ActiveCfg = Debug|Any CPU
		{83510188-AE46-4A2D-8450-C001B9471BC0}.Debug|Any CPU.Build.0 = Debug|Any CPU
		{83510188-AE46-4A2D-8450-C001B9471BC0}.Release|Any CPU.ActiveCfg = Release|Any CPU
		{83510188-AE46-4A2D-8450-C001B9471BC0}.Release|Any CPU.Build.0 = Release|Any CPU
	EndGlobalSection
	GlobalSection(SolutionProperties) = preSolution
		HideSolutionNode = FALSE
	EndGlobalSection
	GlobalSection(ExtensibilityGlobals) = postSolution
		SolutionGuid = {A71A94A0-24B7-4AED-B11C-603371A24299}
	EndGlobalSection
EndGlobal
